
Microsoft Visual Studio Solution File, Format Version 12.00
# Visual Studio 2013
VisualStudioVersion = 12.0.31101.0
MinimumVisualStudioVersion = 10.0.40219.1
Project("{2150E333-8FDC-42A3-9474-1A3956D46DE8}") = "Solution Items", "Solution Items", "{402CF8F6-D5FC-4A01-89AC-46F4C37FD92F}"
	ProjectSection(SolutionItems) = preProject
		app.js = app.js
		index.html = index.html
	EndProjectSection
EndProject
Project("{2150E333-8FDC-42A3-9474-1A3956D46DE8}") = "Del2", "Del2", "{3B9143FD-3D9F-4684-A095-129B8E34B529}"
	ProjectSection(SolutionItems) = preProject
		app4.js = app4.js
		app5.js = app5.js
		index4.html = index4.html
		index5.html = index5.html
		manus2.txt = manus2.txt
		oppgaver2.txt = oppgaver2.txt
	EndProjectSection
EndProject
Project("{2150E333-8FDC-42A3-9474-1A3956D46DE8}") = "Del1", "Del1", "{0C65A9DA-4769-4CFA-84FB-876BCDF8BB81}"
	ProjectSection(SolutionItems) = preProject
		app2.js = app2.js
		app3.js = app3.js
		index1.html = index1.html
		index2.html = index2.html
		index3.html = index3.html
		manus1.txt = manus1.txt
		oppgave1.txt = oppgave1.txt
	EndProjectSection
EndProject
Global
	GlobalSection(SolutionProperties) = preSolution
		HideSolutionNode = FALSE
	EndGlobalSection
	GlobalSection(NestedProjects) = preSolution
		{3B9143FD-3D9F-4684-A095-129B8E34B529} = {402CF8F6-D5FC-4A01-89AC-46F4C37FD92F}
		{0C65A9DA-4769-4CFA-84FB-876BCDF8BB81} = {402CF8F6-D5FC-4A01-89AC-46F4C37FD92F}
	EndGlobalSection
EndGlobal
